<?xml version="1.0" encoding="UTF-8"?>
<!DOCTYPE plist PUBLIC "-//Apple//DTD PLIST 1.0//EN" "http://www.apple.com/DTDs/PropertyList-1.0.dtd">
<plist version="1.0">
<dict>
	<key>archiveVersion</key>
	<string>1</string>
	<key>classes</key>
	<dict/>
	<key>objectVersion</key>
	<string>46</string>
	<key>objects</key>
	<dict>
		<key>02CA0778971C4B87F8AC479E</key>
		<dict>
			<key>buildActionMask</key>
			<string>2147483647</string>
			<key>files</key>
			<array/>
			<key>inputPaths</key>
			<array/>
			<key>isa</key>
			<string>PBXShellScriptBuildPhase</string>
			<key>name</key>
			<string>Copy Pods Resources</string>
			<key>outputPaths</key>
			<array/>
			<key>runOnlyForDeploymentPostprocessing</key>
			<string>0</string>
			<key>shellPath</key>
			<string>/bin/sh</string>
			<key>shellScript</key>
			<string>"${SRCROOT}/Pods/Target Support Files/Pods-SMLPetFeeder/Pods-SMLPetFeeder-resources.sh"
</string>
			<key>showEnvVarsInLog</key>
			<string>0</string>
		</dict>
		<key>10C3FC8FA340AA2D7ED372CE</key>
		<dict>
			<key>explicitFileType</key>
			<string>archive.ar</string>
			<key>includeInIndex</key>
			<string>0</string>
			<key>isa</key>
			<string>PBXFileReference</string>
			<key>path</key>
			<string>libPods-SMLPetFeeder.a</string>
			<key>sourceTree</key>
			<string>BUILT_PRODUCTS_DIR</string>
		</dict>
		<key>1A0281FD1A8BE3F2006AA051</key>
		<dict>
			<key>fileEncoding</key>
			<string>4</string>
			<key>isa</key>
			<string>PBXFileReference</string>
			<key>lastKnownFileType</key>
			<string>sourcecode.c.h</string>
			<key>path</key>
			<string>SMLPetCardViewController.h</string>
			<key>sourceTree</key>
			<string>&lt;group&gt;</string>
		</dict>
		<key>1A0281FE1A8BE3F2006AA051</key>
		<dict>
			<key>fileEncoding</key>
			<string>4</string>
			<key>isa</key>
			<string>PBXFileReference</string>
			<key>lastKnownFileType</key>
			<string>sourcecode.c.objc</string>
			<key>path</key>
			<string>SMLPetCardViewController.m</string>
			<key>sourceTree</key>
			<string>&lt;group&gt;</string>
		</dict>
		<key>1A0281FF1A8BE3F2006AA051</key>
		<dict>
			<key>fileRef</key>
			<string>1A0281FE1A8BE3F2006AA051</string>
			<key>isa</key>
			<string>PBXBuildFile</string>
		</dict>
		<key>1A0282001A8C1960006AA051</key>
		<dict>
			<key>children</key>
			<array>
				<string>1A0282011A8C19AA006AA051</string>
				<string>1A0282021A8C19AA006AA051</string>
				<string>1AC8218E1A8C9660002A57F9</string>
				<string>1AC8218F1A8C9660002A57F9</string>
			</array>
			<key>isa</key>
			<string>PBXGroup</string>
			<key>path</key>
			<string>StyledViews</string>
			<key>sourceTree</key>
			<string>&lt;group&gt;</string>
		</dict>
		<key>1A0282011A8C19AA006AA051</key>
		<dict>
			<key>fileEncoding</key>
			<string>4</string>
			<key>isa</key>
			<string>PBXFileReference</string>
			<key>lastKnownFileType</key>
			<string>sourcecode.c.h</string>
			<key>path</key>
			<string>SMLStandardLabel.h</string>
			<key>sourceTree</key>
			<string>&lt;group&gt;</string>
		</dict>
		<key>1A0282021A8C19AA006AA051</key>
		<dict>
			<key>fileEncoding</key>
			<string>4</string>
			<key>isa</key>
			<string>PBXFileReference</string>
			<key>lastKnownFileType</key>
			<string>sourcecode.c.objc</string>
			<key>path</key>
			<string>SMLStandardLabel.m</string>
			<key>sourceTree</key>
			<string>&lt;group&gt;</string>
		</dict>
		<key>1A0282031A8C19AA006AA051</key>
		<dict>
			<key>fileRef</key>
			<string>1A0282021A8C19AA006AA051</string>
			<key>isa</key>
			<string>PBXBuildFile</string>
		</dict>
		<key>1A0282071A8C884E006AA051</key>
		<dict>
			<key>children</key>
			<array>
				<string>1A0282081A8C884E006AA051</string>
				<string>1A0282091A8C884E006AA051</string>
			</array>
			<key>isa</key>
			<string>PBXGroup</string>
			<key>path</key>
			<string>Common</string>
			<key>sourceTree</key>
			<string>&lt;group&gt;</string>
		</dict>
		<key>1A0282081A8C884E006AA051</key>
		<dict>
			<key>fileEncoding</key>
			<string>4</string>
			<key>isa</key>
			<string>PBXFileReference</string>
			<key>lastKnownFileType</key>
			<string>sourcecode.c.h</string>
			<key>path</key>
			<string>SMLTableViewDataSource.h</string>
			<key>sourceTree</key>
			<string>&lt;group&gt;</string>
		</dict>
		<key>1A0282091A8C884E006AA051</key>
		<dict>
			<key>fileEncoding</key>
			<string>4</string>
			<key>isa</key>
			<string>PBXFileReference</string>
			<key>lastKnownFileType</key>
			<string>sourcecode.c.objc</string>
			<key>path</key>
			<string>SMLTableViewDataSource.m</string>
			<key>sourceTree</key>
			<string>&lt;group&gt;</string>
		</dict>
		<key>1A02820A1A8C884E006AA051</key>
		<dict>
			<key>fileRef</key>
			<string>1A0282091A8C884E006AA051</string>
			<key>isa</key>
			<string>PBXBuildFile</string>
		</dict>
		<key>1A02820B1A8C8D40006AA051</key>
		<dict>
			<key>isa</key>
			<string>PBXFileReference</string>
			<key>lastKnownFileType</key>
			<string>sourcecode.c.h</string>
			<key>path</key>
			<string>SMLBasicCellModel.h</string>
			<key>sourceTree</key>
			<string>&lt;group&gt;</string>
		</dict>
		<key>1A02820D1A8C8E3F006AA051</key>
		<dict>
			<key>fileEncoding</key>
			<string>4</string>
			<key>isa</key>
			<string>PBXFileReference</string>
			<key>lastKnownFileType</key>
			<string>sourcecode.c.h</string>
			<key>path</key>
			<string>SMLFeedingEventViewModel.h</string>
			<key>sourceTree</key>
			<string>&lt;group&gt;</string>
		</dict>
		<key>1A02820E1A8C8E3F006AA051</key>
		<dict>
			<key>fileEncoding</key>
			<string>4</string>
			<key>isa</key>
			<string>PBXFileReference</string>
			<key>lastKnownFileType</key>
			<string>sourcecode.c.objc</string>
			<key>path</key>
			<string>SMLFeedingEventViewModel.m</string>
			<key>sourceTree</key>
			<string>&lt;group&gt;</string>
		</dict>
		<key>1A02820F1A8C8E3F006AA051</key>
		<dict>
			<key>fileRef</key>
			<string>1A02820E1A8C8E3F006AA051</string>
			<key>isa</key>
			<string>PBXBuildFile</string>
		</dict>
		<key>1A4B92D31A927E0C00952AE4</key>
		<dict>
			<key>fileEncoding</key>
			<string>4</string>
			<key>isa</key>
			<string>PBXFileReference</string>
			<key>lastKnownFileType</key>
			<string>sourcecode.c.h</string>
			<key>path</key>
			<string>SMLPet+Ingestion.h</string>
			<key>sourceTree</key>
			<string>&lt;group&gt;</string>
		</dict>
		<key>1A4B92D41A927E0C00952AE4</key>
		<dict>
			<key>fileEncoding</key>
			<string>4</string>
			<key>isa</key>
			<string>PBXFileReference</string>
			<key>lastKnownFileType</key>
			<string>sourcecode.c.objc</string>
			<key>path</key>
			<string>SMLPet+Ingestion.m</string>
			<key>sourceTree</key>
			<string>&lt;group&gt;</string>
		</dict>
		<key>1A4B92D51A927E0C00952AE4</key>
		<dict>
			<key>fileRef</key>
			<string>1A4B92D41A927E0C00952AE4</string>
			<key>isa</key>
			<string>PBXBuildFile</string>
		</dict>
		<key>1A4B930C1A932A7B00952AE4</key>
		<dict>
			<key>fileEncoding</key>
			<string>4</string>
			<key>isa</key>
			<string>PBXFileReference</string>
			<key>lastKnownFileType</key>
			<string>sourcecode.c.h</string>
			<key>path</key>
			<string>SMLFood.h</string>
			<key>sourceTree</key>
			<string>&lt;group&gt;</string>
		</dict>
		<key>1A4B930D1A932A7B00952AE4</key>
		<dict>
			<key>fileEncoding</key>
			<string>4</string>
			<key>isa</key>
			<string>PBXFileReference</string>
			<key>lastKnownFileType</key>
			<string>sourcecode.c.objc</string>
			<key>path</key>
			<string>SMLFood.m</string>
			<key>sourceTree</key>
			<string>&lt;group&gt;</string>
		</dict>
		<key>1A4B930E1A932A7B00952AE4</key>
		<dict>
			<key>fileRef</key>
			<string>1A4B930D1A932A7B00952AE4</string>
			<key>isa</key>
			<string>PBXBuildFile</string>
		</dict>
		<key>1A4B930F1A932A7C00952AE4</key>
		<dict>
			<key>fileEncoding</key>
			<string>4</string>
			<key>isa</key>
			<string>PBXFileReference</string>
			<key>lastKnownFileType</key>
			<string>sourcecode.c.h</string>
			<key>path</key>
			<string>SMLFeedingEvent.h</string>
			<key>sourceTree</key>
			<string>&lt;group&gt;</string>
		</dict>
		<key>1A4B93101A932A7C00952AE4</key>
		<dict>
			<key>fileEncoding</key>
			<string>4</string>
			<key>isa</key>
			<string>PBXFileReference</string>
			<key>lastKnownFileType</key>
			<string>sourcecode.c.objc</string>
			<key>path</key>
			<string>SMLFeedingEvent.m</string>
			<key>sourceTree</key>
			<string>&lt;group&gt;</string>
		</dict>
		<key>1A4B93111A932A7C00952AE4</key>
		<dict>
			<key>fileRef</key>
			<string>1A4B93101A932A7C00952AE4</string>
			<key>isa</key>
			<string>PBXBuildFile</string>
		</dict>
		<key>1A4B93121A932A7C00952AE4</key>
		<dict>
			<key>fileEncoding</key>
			<string>4</string>
			<key>isa</key>
			<string>PBXFileReference</string>
			<key>lastKnownFileType</key>
			<string>sourcecode.c.h</string>
			<key>path</key>
			<string>SMLPet.h</string>
			<key>sourceTree</key>
			<string>&lt;group&gt;</string>
		</dict>
		<key>1A4B93131A932A7C00952AE4</key>
		<dict>
			<key>fileEncoding</key>
			<string>4</string>
			<key>isa</key>
			<string>PBXFileReference</string>
			<key>lastKnownFileType</key>
			<string>sourcecode.c.objc</string>
			<key>path</key>
			<string>SMLPet.m</string>
			<key>sourceTree</key>
			<string>&lt;group&gt;</string>
		</dict>
		<key>1A4B93141A932A7C00952AE4</key>
		<dict>
			<key>fileRef</key>
			<string>1A4B93131A932A7C00952AE4</string>
			<key>isa</key>
			<string>PBXBuildFile</string>
		</dict>
		<key>1A4B93181A9330C200952AE4</key>
		<dict>
			<key>fileEncoding</key>
			<string>4</string>
			<key>isa</key>
			<string>PBXFileReference</string>
			<key>lastKnownFileType</key>
			<string>sourcecode.c.h</string>
			<key>path</key>
			<string>SMLAddPetViewController.h</string>
			<key>sourceTree</key>
			<string>&lt;group&gt;</string>
		</dict>
		<key>1A4B93191A9330C200952AE4</key>
		<dict>
			<key>fileEncoding</key>
			<string>4</string>
			<key>isa</key>
			<string>PBXFileReference</string>
			<key>lastKnownFileType</key>
			<string>sourcecode.c.objc</string>
			<key>path</key>
			<string>SMLAddPetViewController.m</string>
			<key>sourceTree</key>
			<string>&lt;group&gt;</string>
		</dict>
		<key>1A4B931A1A9330C200952AE4</key>
		<dict>
			<key>fileRef</key>
			<string>1A4B93191A9330C200952AE4</string>
			<key>isa</key>
			<string>PBXBuildFile</string>
		</dict>
		<key>1A7CD72D1A8AAC1F00640E2E</key>
		<dict>
			<key>children</key>
			<array>
				<string>1A7CD7381A8AAC1F00640E2E</string>
				<string>1A7CD7581A8AAC1F00640E2E</string>
				<string>1A7CD7371A8AAC1F00640E2E</string>
				<string>6EF4D842C97203BFEC9AC4E4</string>
				<string>2D5ADBB68F9699C8D13662A5</string>
			</array>
			<key>isa</key>
			<string>PBXGroup</string>
			<key>sourceTree</key>
			<string>&lt;group&gt;</string>
		</dict>
		<key>1A7CD72E1A8AAC1F00640E2E</key>
		<dict>
			<key>attributes</key>
			<dict>
				<key>LastUpgradeCheck</key>
				<string>0610</string>
				<key>ORGANIZATIONNAME</key>
				<string>Ivan Blagaji&#263;</string>
				<key>TargetAttributes</key>
				<dict>
					<key>1A7CD7351A8AAC1F00640E2E</key>
					<dict>
						<key>CreatedOnToolsVersion</key>
						<string>6.1.1</string>
					</dict>
					<key>1A7CD7541A8AAC1F00640E2E</key>
					<dict>
						<key>CreatedOnToolsVersion</key>
						<string>6.1.1</string>
						<key>TestTargetID</key>
						<string>1A7CD7351A8AAC1F00640E2E</string>
					</dict>
				</dict>
			</dict>
			<key>buildConfigurationList</key>
			<string>1A7CD7311A8AAC1F00640E2E</string>
			<key>compatibilityVersion</key>
			<string>Xcode 3.2</string>
			<key>developmentRegion</key>
			<string>English</string>
			<key>hasScannedForEncodings</key>
			<string>0</string>
			<key>isa</key>
			<string>PBXProject</string>
			<key>knownRegions</key>
			<array>
				<string>en</string>
				<string>Base</string>
			</array>
			<key>mainGroup</key>
			<string>1A7CD72D1A8AAC1F00640E2E</string>
			<key>productRefGroup</key>
			<string>1A7CD7371A8AAC1F00640E2E</string>
			<key>projectDirPath</key>
			<string></string>
			<key>projectReferences</key>
			<array/>
			<key>projectRoot</key>
			<string></string>
			<key>targets</key>
			<array>
				<string>1A7CD7351A8AAC1F00640E2E</string>
				<string>1A7CD7541A8AAC1F00640E2E</string>
			</array>
		</dict>
		<key>1A7CD7311A8AAC1F00640E2E</key>
		<dict>
			<key>buildConfigurations</key>
			<array>
				<string>1A7CD75D1A8AAC1F00640E2E</string>
				<string>1A7CD75E1A8AAC1F00640E2E</string>
			</array>
			<key>defaultConfigurationIsVisible</key>
			<string>0</string>
			<key>defaultConfigurationName</key>
			<string>Release</string>
			<key>isa</key>
			<string>XCConfigurationList</string>
		</dict>
		<key>1A7CD7321A8AAC1F00640E2E</key>
		<dict>
			<key>buildActionMask</key>
			<string>2147483647</string>
			<key>files</key>
			<array>
				<string>1A4B930E1A932A7B00952AE4</string>
				<string>1A7CD7AD1A8AB27300640E2E</string>
				<string>1A7CD73F1A8AAC1F00640E2E</string>
				<string>1A0282031A8C19AA006AA051</string>
				<string>1A7CD7BB1A8ABD3800640E2E</string>
				<string>1A4B92D51A927E0C00952AE4</string>
				<string>1A7CD7481A8AAC1F00640E2E</string>
				<string>1A7CD73C1A8AAC1F00640E2E</string>
				<string>1A0281FF1A8BE3F2006AA051</string>
				<string>1A02820F1A8C8E3F006AA051</string>
				<string>1A7CD7B71A8ABCE900640E2E</string>
				<string>1A4B931A1A9330C200952AE4</string>
				<string>1AC821901A8C9660002A57F9</string>
				<string>1A4B93141A932A7C00952AE4</string>
				<string>1A4B93111A932A7C00952AE4</string>
				<string>1A7CD7A91A8AB1C600640E2E</string>
				<string>1A7CD7421A8AAC1F00640E2E</string>
				<string>1A02820A1A8C884E006AA051</string>
			</array>
			<key>isa</key>
			<string>PBXSourcesBuildPhase</string>
			<key>runOnlyForDeploymentPostprocessing</key>
			<string>0</string>
		</dict>
		<key>1A7CD7331A8AAC1F00640E2E</key>
		<dict>
			<key>buildActionMask</key>
			<string>2147483647</string>
			<key>files</key>
			<array>
				<string>CC82D9E5DE338DBD2EB600EA</string>
			</array>
			<key>isa</key>
			<string>PBXFrameworksBuildPhase</string>
			<key>runOnlyForDeploymentPostprocessing</key>
			<string>0</string>
		</dict>
		<key>1A7CD7341A8AAC1F00640E2E</key>
		<dict>
			<key>buildActionMask</key>
			<string>2147483647</string>
			<key>files</key>
			<array>
				<string>1A7CD74B1A8AAC1F00640E2E</string>
				<string>1A7CD7501A8AAC1F00640E2E</string>
				<string>1A7CD74D1A8AAC1F00640E2E</string>
			</array>
			<key>isa</key>
			<string>PBXResourcesBuildPhase</string>
			<key>runOnlyForDeploymentPostprocessing</key>
			<string>0</string>
		</dict>
		<key>1A7CD7351A8AAC1F00640E2E</key>
		<dict>
			<key>buildConfigurationList</key>
			<string>1A7CD75F1A8AAC1F00640E2E</string>
			<key>buildPhases</key>
			<array>
				<string>9ACE36488365C9EBCFEDF8BF</string>
				<string>1A7CD7321A8AAC1F00640E2E</string>
				<string>1A7CD7331A8AAC1F00640E2E</string>
				<string>1A7CD7341A8AAC1F00640E2E</string>
				<string>02CA0778971C4B87F8AC479E</string>
			</array>
			<key>buildRules</key>
			<array/>
			<key>dependencies</key>
			<array/>
			<key>isa</key>
			<string>PBXNativeTarget</string>
			<key>name</key>
			<string>SMLPetFeeder</string>
			<key>productName</key>
			<string>SMLPetFeeder</string>
			<key>productReference</key>
			<string>1A7CD7361A8AAC1F00640E2E</string>
			<key>productType</key>
			<string>com.apple.product-type.application</string>
		</dict>
		<key>1A7CD7361A8AAC1F00640E2E</key>
		<dict>
			<key>explicitFileType</key>
			<string>wrapper.application</string>
			<key>includeInIndex</key>
			<string>0</string>
			<key>isa</key>
			<string>PBXFileReference</string>
			<key>path</key>
			<string>SMLPetFeeder.app</string>
			<key>sourceTree</key>
			<string>BUILT_PRODUCTS_DIR</string>
		</dict>
		<key>1A7CD7371A8AAC1F00640E2E</key>
		<dict>
			<key>children</key>
			<array>
				<string>1A7CD7361A8AAC1F00640E2E</string>
				<string>1A7CD7551A8AAC1F00640E2E</string>
			</array>
			<key>isa</key>
			<string>PBXGroup</string>
			<key>name</key>
			<string>Products</string>
			<key>sourceTree</key>
			<string>&lt;group&gt;</string>
		</dict>
		<key>1A7CD7381A8AAC1F00640E2E</key>
		<dict>
			<key>children</key>
			<array>
				<string>1A0282071A8C884E006AA051</string>
				<string>1A0282001A8C1960006AA051</string>
				<string>1A7CD7B41A8ABC8300640E2E</string>
				<string>1A7CD7B81A8ABD0000640E2E</string>
				<string>1A7CD7A61A8AB1C600640E2E</string>
				<string>1A7CD73D1A8AAC1F00640E2E</string>
				<string>1A7CD73E1A8AAC1F00640E2E</string>
				<string>1A7CD7401A8AAC1F00640E2E</string>
				<string>1A7CD7411A8AAC1F00640E2E</string>
				<string>1A7CD7461A8AAC1F00640E2E</string>
				<string>1A7CD7471A8AAC1F00640E2E</string>
				<string>1A7CD7491A8AAC1F00640E2E</string>
				<string>1A7CD74C1A8AAC1F00640E2E</string>
				<string>1A7CD74E1A8AAC1F00640E2E</string>
				<string>1A7CD7391A8AAC1F00640E2E</string>
			</array>
			<key>isa</key>
			<string>PBXGroup</string>
			<key>path</key>
			<string>SMLPetFeeder</string>
			<key>sourceTree</key>
			<string>&lt;group&gt;</string>
		</dict>
		<key>1A7CD7391A8AAC1F00640E2E</key>
		<dict>
			<key>children</key>
			<array>
				<string>1A7CD73A1A8AAC1F00640E2E</string>
				<string>1A7CD73B1A8AAC1F00640E2E</string>
			</array>
			<key>isa</key>
			<string>PBXGroup</string>
			<key>name</key>
			<string>Supporting Files</string>
			<key>sourceTree</key>
			<string>&lt;group&gt;</string>
		</dict>
		<key>1A7CD73A1A8AAC1F00640E2E</key>
		<dict>
			<key>isa</key>
			<string>PBXFileReference</string>
			<key>lastKnownFileType</key>
			<string>text.plist.xml</string>
			<key>path</key>
			<string>Info.plist</string>
			<key>sourceTree</key>
			<string>&lt;group&gt;</string>
		</dict>
		<key>1A7CD73B1A8AAC1F00640E2E</key>
		<dict>
			<key>isa</key>
			<string>PBXFileReference</string>
			<key>lastKnownFileType</key>
			<string>sourcecode.c.objc</string>
			<key>path</key>
			<string>main.m</string>
			<key>sourceTree</key>
			<string>&lt;group&gt;</string>
		</dict>
		<key>1A7CD73C1A8AAC1F00640E2E</key>
		<dict>
			<key>fileRef</key>
			<string>1A7CD73B1A8AAC1F00640E2E</string>
			<key>isa</key>
			<string>PBXBuildFile</string>
		</dict>
		<key>1A7CD73D1A8AAC1F00640E2E</key>
		<dict>
			<key>isa</key>
			<string>PBXFileReference</string>
			<key>lastKnownFileType</key>
			<string>sourcecode.c.h</string>
			<key>path</key>
			<string>AppDelegate.h</string>
			<key>sourceTree</key>
			<string>&lt;group&gt;</string>
		</dict>
		<key>1A7CD73E1A8AAC1F00640E2E</key>
		<dict>
			<key>isa</key>
			<string>PBXFileReference</string>
			<key>lastKnownFileType</key>
			<string>sourcecode.c.objc</string>
			<key>path</key>
			<string>AppDelegate.m</string>
			<key>sourceTree</key>
			<string>&lt;group&gt;</string>
		</dict>
		<key>1A7CD73F1A8AAC1F00640E2E</key>
		<dict>
			<key>fileRef</key>
			<string>1A7CD73E1A8AAC1F00640E2E</string>
			<key>isa</key>
			<string>PBXBuildFile</string>
		</dict>
		<key>1A7CD7401A8AAC1F00640E2E</key>
		<dict>
			<key>isa</key>
			<string>PBXFileReference</string>
			<key>lastKnownFileType</key>
			<string>sourcecode.c.h</string>
			<key>path</key>
			<string>SMLRootViewController.h</string>
			<key>sourceTree</key>
			<string>&lt;group&gt;</string>
		</dict>
		<key>1A7CD7411A8AAC1F00640E2E</key>
		<dict>
			<key>isa</key>
			<string>PBXFileReference</string>
			<key>lastKnownFileType</key>
			<string>sourcecode.c.objc</string>
			<key>path</key>
			<string>SMLRootViewController.m</string>
			<key>sourceTree</key>
			<string>&lt;group&gt;</string>
		</dict>
		<key>1A7CD7421A8AAC1F00640E2E</key>
		<dict>
			<key>fileRef</key>
			<string>1A7CD7411A8AAC1F00640E2E</string>
			<key>isa</key>
			<string>PBXBuildFile</string>
		</dict>
		<key>1A7CD7461A8AAC1F00640E2E</key>
		<dict>
			<key>isa</key>
			<string>PBXFileReference</string>
			<key>lastKnownFileType</key>
			<string>sourcecode.c.h</string>
			<key>path</key>
			<string>SMLModelController.h</string>
			<key>sourceTree</key>
			<string>&lt;group&gt;</string>
		</dict>
		<key>1A7CD7471A8AAC1F00640E2E</key>
		<dict>
			<key>isa</key>
			<string>PBXFileReference</string>
			<key>lastKnownFileType</key>
			<string>sourcecode.c.objc</string>
			<key>path</key>
			<string>SMLModelController.m</string>
			<key>sourceTree</key>
			<string>&lt;group&gt;</string>
		</dict>
		<key>1A7CD7481A8AAC1F00640E2E</key>
		<dict>
			<key>fileRef</key>
			<string>1A7CD7471A8AAC1F00640E2E</string>
			<key>isa</key>
			<string>PBXBuildFile</string>
		</dict>
		<key>1A7CD7491A8AAC1F00640E2E</key>
		<dict>
			<key>children</key>
			<array>
				<string>1A7CD74A1A8AAC1F00640E2E</string>
			</array>
			<key>isa</key>
			<string>PBXVariantGroup</string>
			<key>name</key>
			<string>Main.storyboard</string>
			<key>sourceTree</key>
			<string>&lt;group&gt;</string>
		</dict>
		<key>1A7CD74A1A8AAC1F00640E2E</key>
		<dict>
			<key>isa</key>
			<string>PBXFileReference</string>
			<key>lastKnownFileType</key>
			<string>file.storyboard</string>
			<key>name</key>
			<string>Base</string>
			<key>path</key>
			<string>Base.lproj/Main.storyboard</string>
			<key>sourceTree</key>
			<string>&lt;group&gt;</string>
		</dict>
		<key>1A7CD74B1A8AAC1F00640E2E</key>
		<dict>
			<key>fileRef</key>
			<string>1A7CD7491A8AAC1F00640E2E</string>
			<key>isa</key>
			<string>PBXBuildFile</string>
		</dict>
		<key>1A7CD74C1A8AAC1F00640E2E</key>
		<dict>
			<key>isa</key>
			<string>PBXFileReference</string>
			<key>lastKnownFileType</key>
			<string>folder.assetcatalog</string>
			<key>path</key>
			<string>Images.xcassets</string>
			<key>sourceTree</key>
			<string>&lt;group&gt;</string>
		</dict>
		<key>1A7CD74D1A8AAC1F00640E2E</key>
		<dict>
			<key>fileRef</key>
			<string>1A7CD74C1A8AAC1F00640E2E</string>
			<key>isa</key>
			<string>PBXBuildFile</string>
		</dict>
		<key>1A7CD74E1A8AAC1F00640E2E</key>
		<dict>
			<key>children</key>
			<array>
				<string>1A7CD74F1A8AAC1F00640E2E</string>
			</array>
			<key>isa</key>
			<string>PBXVariantGroup</string>
			<key>name</key>
			<string>LaunchScreen.xib</string>
			<key>sourceTree</key>
			<string>&lt;group&gt;</string>
		</dict>
		<key>1A7CD74F1A8AAC1F00640E2E</key>
		<dict>
			<key>isa</key>
			<string>PBXFileReference</string>
			<key>lastKnownFileType</key>
			<string>file.xib</string>
			<key>name</key>
			<string>Base</string>
			<key>path</key>
			<string>Base.lproj/LaunchScreen.xib</string>
			<key>sourceTree</key>
			<string>&lt;group&gt;</string>
		</dict>
		<key>1A7CD7501A8AAC1F00640E2E</key>
		<dict>
			<key>fileRef</key>
			<string>1A7CD74E1A8AAC1F00640E2E</string>
			<key>isa</key>
			<string>PBXBuildFile</string>
		</dict>
		<key>1A7CD7511A8AAC1F00640E2E</key>
		<dict>
			<key>buildActionMask</key>
			<string>2147483647</string>
			<key>files</key>
			<array>
				<string>1A7CD75C1A8AAC1F00640E2E</string>
			</array>
			<key>isa</key>
			<string>PBXSourcesBuildPhase</string>
			<key>runOnlyForDeploymentPostprocessing</key>
			<string>0</string>
		</dict>
		<key>1A7CD7521A8AAC1F00640E2E</key>
		<dict>
			<key>buildActionMask</key>
			<string>2147483647</string>
			<key>files</key>
			<array/>
			<key>isa</key>
			<string>PBXFrameworksBuildPhase</string>
			<key>runOnlyForDeploymentPostprocessing</key>
			<string>0</string>
		</dict>
		<key>1A7CD7531A8AAC1F00640E2E</key>
		<dict>
			<key>buildActionMask</key>
			<string>2147483647</string>
			<key>files</key>
			<array/>
			<key>isa</key>
			<string>PBXResourcesBuildPhase</string>
			<key>runOnlyForDeploymentPostprocessing</key>
			<string>0</string>
		</dict>
		<key>1A7CD7541A8AAC1F00640E2E</key>
		<dict>
			<key>buildConfigurationList</key>
			<string>1A7CD7621A8AAC1F00640E2E</string>
			<key>buildPhases</key>
			<array>
				<string>1A7CD7511A8AAC1F00640E2E</string>
				<string>1A7CD7521A8AAC1F00640E2E</string>
				<string>1A7CD7531A8AAC1F00640E2E</string>
			</array>
			<key>buildRules</key>
			<array/>
			<key>dependencies</key>
			<array>
				<string>1A7CD7571A8AAC1F00640E2E</string>
			</array>
			<key>isa</key>
			<string>PBXNativeTarget</string>
			<key>name</key>
			<string>SMLPetFeederTests</string>
			<key>productName</key>
			<string>SMLPetFeederTests</string>
			<key>productReference</key>
			<string>1A7CD7551A8AAC1F00640E2E</string>
			<key>productType</key>
			<string>com.apple.product-type.bundle.unit-test</string>
		</dict>
		<key>1A7CD7551A8AAC1F00640E2E</key>
		<dict>
			<key>explicitFileType</key>
			<string>wrapper.cfbundle</string>
			<key>includeInIndex</key>
			<string>0</string>
			<key>isa</key>
			<string>PBXFileReference</string>
			<key>path</key>
			<string>SMLPetFeederTests.xctest</string>
			<key>sourceTree</key>
			<string>BUILT_PRODUCTS_DIR</string>
		</dict>
		<key>1A7CD7561A8AAC1F00640E2E</key>
		<dict>
			<key>containerPortal</key>
			<string>1A7CD72E1A8AAC1F00640E2E</string>
			<key>isa</key>
			<string>PBXContainerItemProxy</string>
			<key>proxyType</key>
			<string>1</string>
			<key>remoteGlobalIDString</key>
			<string>1A7CD7351A8AAC1F00640E2E</string>
			<key>remoteInfo</key>
			<string>SMLPetFeeder</string>
		</dict>
		<key>1A7CD7571A8AAC1F00640E2E</key>
		<dict>
			<key>isa</key>
			<string>PBXTargetDependency</string>
			<key>target</key>
			<string>1A7CD7351A8AAC1F00640E2E</string>
			<key>targetProxy</key>
			<string>1A7CD7561A8AAC1F00640E2E</string>
		</dict>
		<key>1A7CD7581A8AAC1F00640E2E</key>
		<dict>
			<key>children</key>
			<array>
				<string>1A7CD75B1A8AAC1F00640E2E</string>
				<string>1A7CD7591A8AAC1F00640E2E</string>
			</array>
			<key>isa</key>
			<string>PBXGroup</string>
			<key>path</key>
			<string>SMLPetFeederTests</string>
			<key>sourceTree</key>
			<string>&lt;group&gt;</string>
		</dict>
		<key>1A7CD7591A8AAC1F00640E2E</key>
		<dict>
			<key>children</key>
			<array>
				<string>1A7CD75A1A8AAC1F00640E2E</string>
			</array>
			<key>isa</key>
			<string>PBXGroup</string>
			<key>name</key>
			<string>Supporting Files</string>
			<key>sourceTree</key>
			<string>&lt;group&gt;</string>
		</dict>
		<key>1A7CD75A1A8AAC1F00640E2E</key>
		<dict>
			<key>isa</key>
			<string>PBXFileReference</string>
			<key>lastKnownFileType</key>
			<string>text.plist.xml</string>
			<key>path</key>
			<string>Info.plist</string>
			<key>sourceTree</key>
			<string>&lt;group&gt;</string>
		</dict>
		<key>1A7CD75B1A8AAC1F00640E2E</key>
		<dict>
			<key>isa</key>
			<string>PBXFileReference</string>
			<key>lastKnownFileType</key>
			<string>sourcecode.c.objc</string>
			<key>path</key>
			<string>SMLPetFeederTests.m</string>
			<key>sourceTree</key>
			<string>&lt;group&gt;</string>
		</dict>
		<key>1A7CD75C1A8AAC1F00640E2E</key>
		<dict>
			<key>fileRef</key>
			<string>1A7CD75B1A8AAC1F00640E2E</string>
			<key>isa</key>
			<string>PBXBuildFile</string>
		</dict>
		<key>1A7CD75D1A8AAC1F00640E2E</key>
		<dict>
			<key>buildSettings</key>
			<dict>
				<key>ALWAYS_SEARCH_USER_PATHS</key>
				<string>NO</string>
				<key>CLANG_CXX_LANGUAGE_STANDARD</key>
				<string>gnu++0x</string>
				<key>CLANG_CXX_LIBRARY</key>
				<string>libc++</string>
				<key>CLANG_ENABLE_MODULES</key>
				<string>YES</string>
				<key>CLANG_ENABLE_OBJC_ARC</key>
				<string>YES</string>
				<key>CLANG_WARN_BOOL_CONVERSION</key>
				<string>YES</string>
				<key>CLANG_WARN_CONSTANT_CONVERSION</key>
				<string>YES</string>
				<key>CLANG_WARN_DIRECT_OBJC_ISA_USAGE</key>
				<string>YES_ERROR</string>
				<key>CLANG_WARN_EMPTY_BODY</key>
				<string>YES</string>
				<key>CLANG_WARN_ENUM_CONVERSION</key>
				<string>YES</string>
				<key>CLANG_WARN_INT_CONVERSION</key>
				<string>YES</string>
				<key>CLANG_WARN_OBJC_ROOT_CLASS</key>
				<string>YES_ERROR</string>
				<key>CLANG_WARN_UNREACHABLE_CODE</key>
				<string>YES</string>
				<key>CLANG_WARN__DUPLICATE_METHOD_MATCH</key>
				<string>YES</string>
				<key>CODE_SIGN_IDENTITY[sdk=iphoneos*]</key>
				<string>iPhone Developer</string>
				<key>COPY_PHASE_STRIP</key>
				<string>NO</string>
				<key>ENABLE_STRICT_OBJC_MSGSEND</key>
				<string>YES</string>
				<key>GCC_C_LANGUAGE_STANDARD</key>
				<string>gnu99</string>
				<key>GCC_DYNAMIC_NO_PIC</key>
				<string>NO</string>
				<key>GCC_OPTIMIZATION_LEVEL</key>
				<string>0</string>
				<key>GCC_PREPROCESSOR_DEFINITIONS</key>
				<array>
					<string>DEBUG=1</string>
					<string>$(inherited)</string>
				</array>
				<key>GCC_SYMBOLS_PRIVATE_EXTERN</key>
				<string>NO</string>
				<key>GCC_WARN_64_TO_32_BIT_CONVERSION</key>
				<string>YES</string>
				<key>GCC_WARN_ABOUT_RETURN_TYPE</key>
				<string>YES_ERROR</string>
				<key>GCC_WARN_UNDECLARED_SELECTOR</key>
				<string>YES</string>
				<key>GCC_WARN_UNINITIALIZED_AUTOS</key>
				<string>YES_AGGRESSIVE</string>
				<key>GCC_WARN_UNUSED_FUNCTION</key>
				<string>YES</string>
				<key>GCC_WARN_UNUSED_VARIABLE</key>
				<string>YES</string>
				<key>IPHONEOS_DEPLOYMENT_TARGET</key>
				<string>8.1</string>
				<key>MTL_ENABLE_DEBUG_INFO</key>
				<string>YES</string>
				<key>ONLY_ACTIVE_ARCH</key>
				<string>YES</string>
				<key>SDKROOT</key>
				<string>iphoneos</string>
			</dict>
			<key>isa</key>
			<string>XCBuildConfiguration</string>
			<key>name</key>
			<string>Debug</string>
		</dict>
		<key>1A7CD75E1A8AAC1F00640E2E</key>
		<dict>
			<key>buildSettings</key>
			<dict>
				<key>ALWAYS_SEARCH_USER_PATHS</key>
				<string>NO</string>
				<key>CLANG_CXX_LANGUAGE_STANDARD</key>
				<string>gnu++0x</string>
				<key>CLANG_CXX_LIBRARY</key>
				<string>libc++</string>
				<key>CLANG_ENABLE_MODULES</key>
				<string>YES</string>
				<key>CLANG_ENABLE_OBJC_ARC</key>
				<string>YES</string>
				<key>CLANG_WARN_BOOL_CONVERSION</key>
				<string>YES</string>
				<key>CLANG_WARN_CONSTANT_CONVERSION</key>
				<string>YES</string>
				<key>CLANG_WARN_DIRECT_OBJC_ISA_USAGE</key>
				<string>YES_ERROR</string>
				<key>CLANG_WARN_EMPTY_BODY</key>
				<string>YES</string>
				<key>CLANG_WARN_ENUM_CONVERSION</key>
				<string>YES</string>
				<key>CLANG_WARN_INT_CONVERSION</key>
				<string>YES</string>
				<key>CLANG_WARN_OBJC_ROOT_CLASS</key>
				<string>YES_ERROR</string>
				<key>CLANG_WARN_UNREACHABLE_CODE</key>
				<string>YES</string>
				<key>CLANG_WARN__DUPLICATE_METHOD_MATCH</key>
				<string>YES</string>
				<key>CODE_SIGN_IDENTITY[sdk=iphoneos*]</key>
				<string>iPhone Developer</string>
				<key>COPY_PHASE_STRIP</key>
				<string>YES</string>
				<key>ENABLE_NS_ASSERTIONS</key>
				<string>NO</string>
				<key>ENABLE_STRICT_OBJC_MSGSEND</key>
				<string>YES</string>
				<key>GCC_C_LANGUAGE_STANDARD</key>
				<string>gnu99</string>
				<key>GCC_WARN_64_TO_32_BIT_CONVERSION</key>
				<string>YES</string>
				<key>GCC_WARN_ABOUT_RETURN_TYPE</key>
				<string>YES_ERROR</string>
				<key>GCC_WARN_UNDECLARED_SELECTOR</key>
				<string>YES</string>
				<key>GCC_WARN_UNINITIALIZED_AUTOS</key>
				<string>YES_AGGRESSIVE</string>
				<key>GCC_WARN_UNUSED_FUNCTION</key>
				<string>YES</string>
				<key>GCC_WARN_UNUSED_VARIABLE</key>
				<string>YES</string>
				<key>IPHONEOS_DEPLOYMENT_TARGET</key>
				<string>8.1</string>
				<key>MTL_ENABLE_DEBUG_INFO</key>
				<string>NO</string>
				<key>SDKROOT</key>
				<string>iphoneos</string>
				<key>VALIDATE_PRODUCT</key>
				<string>YES</string>
			</dict>
			<key>isa</key>
			<string>XCBuildConfiguration</string>
			<key>name</key>
			<string>Release</string>
		</dict>
		<key>1A7CD75F1A8AAC1F00640E2E</key>
		<dict>
			<key>buildConfigurations</key>
			<array>
				<string>1A7CD7601A8AAC1F00640E2E</string>
				<string>1A7CD7611A8AAC1F00640E2E</string>
			</array>
			<key>defaultConfigurationIsVisible</key>
			<string>0</string>
			<key>defaultConfigurationName</key>
			<string>Release</string>
			<key>isa</key>
			<string>XCConfigurationList</string>
		</dict>
		<key>1A7CD7601A8AAC1F00640E2E</key>
		<dict>
			<key>baseConfigurationReference</key>
			<string>242C45BF18590B9AD84A5237</string>
			<key>buildSettings</key>
			<dict>
				<key>ASSETCATALOG_COMPILER_APPICON_NAME</key>
				<string>AppIcon</string>
				<key>INFOPLIST_FILE</key>
				<string>SMLPetFeeder/Info.plist</string>
				<key>LD_RUNPATH_SEARCH_PATHS</key>
				<string>$(inherited) @executable_path/Frameworks</string>
				<key>PRODUCT_NAME</key>
				<string>$(TARGET_NAME)</string>
			</dict>
			<key>isa</key>
			<string>XCBuildConfiguration</string>
			<key>name</key>
			<string>Debug</string>
		</dict>
		<key>1A7CD7611A8AAC1F00640E2E</key>
		<dict>
			<key>baseConfigurationReference</key>
			<string>92C14DFA9D527BDF0F32352A</string>
			<key>buildSettings</key>
			<dict>
				<key>ASSETCATALOG_COMPILER_APPICON_NAME</key>
				<string>AppIcon</string>
				<key>INFOPLIST_FILE</key>
				<string>SMLPetFeeder/Info.plist</string>
				<key>LD_RUNPATH_SEARCH_PATHS</key>
				<string>$(inherited) @executable_path/Frameworks</string>
				<key>PRODUCT_NAME</key>
				<string>$(TARGET_NAME)</string>
			</dict>
			<key>isa</key>
			<string>XCBuildConfiguration</string>
			<key>name</key>
			<string>Release</string>
		</dict>
		<key>1A7CD7621A8AAC1F00640E2E</key>
		<dict>
			<key>buildConfigurations</key>
			<array>
				<string>1A7CD7631A8AAC1F00640E2E</string>
				<string>1A7CD7641A8AAC1F00640E2E</string>
			</array>
			<key>defaultConfigurationIsVisible</key>
			<string>0</string>
			<key>defaultConfigurationName</key>
			<string>Release</string>
			<key>isa</key>
			<string>XCConfigurationList</string>
		</dict>
		<key>1A7CD7631A8AAC1F00640E2E</key>
		<dict>
			<key>buildSettings</key>
			<dict>
				<key>BUNDLE_LOADER</key>
				<string>$(TEST_HOST)</string>
				<key>FRAMEWORK_SEARCH_PATHS</key>
				<array>
					<string>$(SDKROOT)/Developer/Library/Frameworks</string>
					<string>$(inherited)</string>
				</array>
				<key>GCC_PREPROCESSOR_DEFINITIONS</key>
				<array>
					<string>DEBUG=1</string>
					<string>$(inherited)</string>
				</array>
				<key>INFOPLIST_FILE</key>
				<string>SMLPetFeederTests/Info.plist</string>
				<key>LD_RUNPATH_SEARCH_PATHS</key>
				<string>$(inherited) @executable_path/Frameworks @loader_path/Frameworks</string>
				<key>PRODUCT_NAME</key>
				<string>$(TARGET_NAME)</string>
				<key>TEST_HOST</key>
				<string>$(BUILT_PRODUCTS_DIR)/SMLPetFeeder.app/SMLPetFeeder</string>
			</dict>
			<key>isa</key>
			<string>XCBuildConfiguration</string>
			<key>name</key>
			<string>Debug</string>
		</dict>
		<key>1A7CD7641A8AAC1F00640E2E</key>
		<dict>
			<key>buildSettings</key>
			<dict>
				<key>BUNDLE_LOADER</key>
				<string>$(TEST_HOST)</string>
				<key>FRAMEWORK_SEARCH_PATHS</key>
				<array>
					<string>$(SDKROOT)/Developer/Library/Frameworks</string>
					<string>$(inherited)</string>
				</array>
				<key>INFOPLIST_FILE</key>
				<string>SMLPetFeederTests/Info.plist</string>
				<key>LD_RUNPATH_SEARCH_PATHS</key>
				<string>$(inherited) @executable_path/Frameworks @loader_path/Frameworks</string>
				<key>PRODUCT_NAME</key>
				<string>$(TARGET_NAME)</string>
				<key>TEST_HOST</key>
				<string>$(BUILT_PRODUCTS_DIR)/SMLPetFeeder.app/SMLPetFeeder</string>
			</dict>
			<key>isa</key>
			<string>XCBuildConfiguration</string>
			<key>name</key>
			<string>Release</string>
		</dict>
		<key>1A7CD7A61A8AB1C600640E2E</key>
		<dict>
			<key>children</key>
			<array>
				<string>1A4B93121A932A7C00952AE4</string>
				<string>1A4B93131A932A7C00952AE4</string>
				<string>1A4B930F1A932A7C00952AE4</string>
				<string>1A4B93101A932A7C00952AE4</string>
				<string>1A4B930C1A932A7B00952AE4</string>
				<string>1A4B930D1A932A7B00952AE4</string>
				<string>1A7CD7A71A8AB1C600640E2E</string>
				<string>1A7CD7AB1A8AB27300640E2E</string>
				<string>1A7CD7AC1A8AB27300640E2E</string>
				<string>1A4B92D31A927E0C00952AE4</string>
				<string>1A4B92D41A927E0C00952AE4</string>
			</array>
			<key>isa</key>
			<string>PBXGroup</string>
			<key>path</key>
			<string>CoreData</string>
			<key>sourceTree</key>
			<string>&lt;group&gt;</string>
		</dict>
		<key>1A7CD7A71A8AB1C600640E2E</key>
		<dict>
			<key>children</key>
			<array>
				<string>1A7CD7A81A8AB1C600640E2E</string>
			</array>
			<key>currentVersion</key>
			<string>1A7CD7A81A8AB1C600640E2E</string>
			<key>isa</key>
			<string>XCVersionGroup</string>
			<key>path</key>
			<string>PetFeeder.xcdatamodeld</string>
			<key>sourceTree</key>
			<string>&lt;group&gt;</string>
			<key>versionGroupType</key>
			<string>wrapper.xcdatamodel</string>
		</dict>
		<key>1A7CD7A81A8AB1C600640E2E</key>
		<dict>
			<key>isa</key>
			<string>PBXFileReference</string>
			<key>lastKnownFileType</key>
			<string>wrapper.xcdatamodel</string>
			<key>path</key>
			<string>PetFeeder.xcdatamodel</string>
			<key>sourceTree</key>
			<string>&lt;group&gt;</string>
		</dict>
		<key>1A7CD7A91A8AB1C600640E2E</key>
		<dict>
			<key>fileRef</key>
			<string>1A7CD7A71A8AB1C600640E2E</string>
			<key>isa</key>
			<string>PBXBuildFile</string>
		</dict>
		<key>1A7CD7AB1A8AB27300640E2E</key>
		<dict>
			<key>fileEncoding</key>
			<string>4</string>
			<key>isa</key>
			<string>PBXFileReference</string>
			<key>lastKnownFileType</key>
			<string>sourcecode.c.h</string>
			<key>path</key>
			<string>SMLDataController.h</string>
			<key>sourceTree</key>
			<string>&lt;group&gt;</string>
		</dict>
		<key>1A7CD7AC1A8AB27300640E2E</key>
		<dict>
			<key>fileEncoding</key>
			<string>4</string>
			<key>isa</key>
			<string>PBXFileReference</string>
			<key>lastKnownFileType</key>
			<string>sourcecode.c.objc</string>
			<key>path</key>
			<string>SMLDataController.m</string>
			<key>sourceTree</key>
			<string>&lt;group&gt;</string>
		</dict>
		<key>1A7CD7AD1A8AB27300640E2E</key>
		<dict>
			<key>fileRef</key>
			<string>1A7CD7AC1A8AB27300640E2E</string>
			<key>isa</key>
			<string>PBXBuildFile</string>
		</dict>
		<key>1A7CD7B41A8ABC8300640E2E</key>
		<dict>
			<key>children</key>
			<array>
				<string>1A0281FD1A8BE3F2006AA051</string>
				<string>1A0281FE1A8BE3F2006AA051</string>
				<string>1A7CD7B51A8ABCE900640E2E</string>
				<string>1A7CD7B61A8ABCE900640E2E</string>
				<string>1A4B93181A9330C200952AE4</string>
				<string>1A4B93191A9330C200952AE4</string>
			</array>
			<key>isa</key>
			<string>PBXGroup</string>
			<key>path</key>
			<string>Views</string>
			<key>sourceTree</key>
			<string>&lt;group&gt;</string>
		</dict>
		<key>1A7CD7B51A8ABCE900640E2E</key>
		<dict>
			<key>fileEncoding</key>
			<string>4</string>
			<key>isa</key>
			<string>PBXFileReference</string>
			<key>lastKnownFileType</key>
			<string>sourcecode.c.h</string>
			<key>path</key>
			<string>SMLTableViewController.h</string>
			<key>sourceTree</key>
			<string>&lt;group&gt;</string>
		</dict>
		<key>1A7CD7B61A8ABCE900640E2E</key>
		<dict>
			<key>fileEncoding</key>
			<string>4</string>
			<key>isa</key>
			<string>PBXFileReference</string>
			<key>lastKnownFileType</key>
			<string>sourcecode.c.objc</string>
			<key>path</key>
			<string>SMLTableViewController.m</string>
			<key>sourceTree</key>
			<string>&lt;group&gt;</string>
		</dict>
		<key>1A7CD7B71A8ABCE900640E2E</key>
		<dict>
			<key>fileRef</key>
			<string>1A7CD7B61A8ABCE900640E2E</string>
			<key>isa</key>
			<string>PBXBuildFile</string>
		</dict>
		<key>1A7CD7B81A8ABD0000640E2E</key>
		<dict>
			<key>children</key>
			<array>
				<string>1A7CD7B91A8ABD3800640E2E</string>
				<string>1A7CD7BA1A8ABD3800640E2E</string>
				<string>1A02820B1A8C8D40006AA051</string>
				<string>1A02820D1A8C8E3F006AA051</string>
				<string>1A02820E1A8C8E3F006AA051</string>
			</array>
			<key>isa</key>
			<string>PBXGroup</string>
			<key>path</key>
			<string>ViewModels</string>
			<key>sourceTree</key>
			<string>&lt;group&gt;</string>
		</dict>
		<key>1A7CD7B91A8ABD3800640E2E</key>
		<dict>
			<key>fileEncoding</key>
			<string>4</string>
			<key>isa</key>
			<string>PBXFileReference</string>
			<key>lastKnownFileType</key>
			<string>sourcecode.c.h</string>
			<key>path</key>
			<string>SMLPetCardViewModel.h</string>
			<key>sourceTree</key>
			<string>&lt;group&gt;</string>
		</dict>
		<key>1A7CD7BA1A8ABD3800640E2E</key>
		<dict>
			<key>fileEncoding</key>
			<string>4</string>
			<key>isa</key>
			<string>PBXFileReference</string>
			<key>lastKnownFileType</key>
			<string>sourcecode.c.objc</string>
			<key>path</key>
			<string>SMLPetCardViewModel.m</string>
			<key>sourceTree</key>
			<string>&lt;group&gt;</string>
		</dict>
		<key>1A7CD7BB1A8ABD3800640E2E</key>
		<dict>
			<key>fileRef</key>
			<string>1A7CD7BA1A8ABD3800640E2E</string>
			<key>isa</key>
			<string>PBXBuildFile</string>
		</dict>
		<key>1AC8218E1A8C9660002A57F9</key>
		<dict>
			<key>fileEncoding</key>
			<string>4</string>
			<key>isa</key>
			<string>PBXFileReference</string>
			<key>lastKnownFileType</key>
			<string>sourcecode.c.h</string>
			<key>path</key>
			<string>SMLStandardTableViewCell.h</string>
			<key>sourceTree</key>
			<string>&lt;group&gt;</string>
		</dict>
		<key>1AC8218F1A8C9660002A57F9</key>
		<dict>
			<key>fileEncoding</key>
			<string>4</string>
			<key>isa</key>
			<string>PBXFileReference</string>
			<key>lastKnownFileType</key>
			<string>sourcecode.c.objc</string>
			<key>path</key>
			<string>SMLStandardTableViewCell.m</string>
			<key>sourceTree</key>
			<string>&lt;group&gt;</string>
		</dict>
		<key>1AC821901A8C9660002A57F9</key>
		<dict>
			<key>fileRef</key>
			<string>1AC8218F1A8C9660002A57F9</string>
			<key>isa</key>
			<string>PBXBuildFile</string>
		</dict>
		<key>242C45BF18590B9AD84A5237</key>
		<dict>
			<key>includeInIndex</key>
			<string>1</string>
			<key>isa</key>
			<string>PBXFileReference</string>
			<key>lastKnownFileType</key>
			<string>text.xcconfig</string>
			<key>name</key>
			<string>Pods-SMLPetFeeder.debug.xcconfig</string>
			<key>path</key>
			<string>Pods/Target Support Files/Pods-SMLPetFeeder/Pods-SMLPetFeeder.debug.xcconfig</string>
			<key>sourceTree</key>
			<string>&lt;group&gt;</string>
		</dict>
		<key>2D5ADBB68F9699C8D13662A5</key>
		<dict>
			<key>children</key>
			<array>
				<string>10C3FC8FA340AA2D7ED372CE</string>
			</array>
			<key>isa</key>
			<string>PBXGroup</string>
			<key>name</key>
			<string>Frameworks</string>
			<key>sourceTree</key>
			<string>&lt;group&gt;</string>
		</dict>
		<key>6EF4D842C97203BFEC9AC4E4</key>
		<dict>
			<key>children</key>
			<array>
				<string>242C45BF18590B9AD84A5237</string>
				<string>92C14DFA9D527BDF0F32352A</string>
			</array>
			<key>isa</key>
			<string>PBXGroup</string>
			<key>name</key>
			<string>Pods</string>
			<key>sourceTree</key>
			<string>&lt;group&gt;</string>
		</dict>
		<key>92C14DFA9D527BDF0F32352A</key>
		<dict>
			<key>includeInIndex</key>
			<string>1</string>
			<key>isa</key>
			<string>PBXFileReference</string>
			<key>lastKnownFileType</key>
			<string>text.xcconfig</string>
			<key>name</key>
			<string>Pods-SMLPetFeeder.release.xcconfig</string>
			<key>path</key>
			<string>Pods/Target Support Files/Pods-SMLPetFeeder/Pods-SMLPetFeeder.release.xcconfig</string>
			<key>sourceTree</key>
			<string>&lt;group&gt;</string>
		</dict>
		<key>9ACE36488365C9EBCFEDF8BF</key>
		<dict>
			<key>buildActionMask</key>
			<string>2147483647</string>
			<key>files</key>
			<array/>
			<key>inputPaths</key>
			<array/>
			<key>isa</key>
			<string>PBXShellScriptBuildPhase</string>
			<key>name</key>
			<string>Check Pods Manifest.lock</string>
			<key>outputPaths</key>
			<array/>
			<key>runOnlyForDeploymentPostprocessing</key>
			<string>0</string>
			<key>shellPath</key>
			<string>/bin/sh</string>
			<key>shellScript</key>
			<string>diff "${PODS_ROOT}/../Podfile.lock" "${PODS_ROOT}/Manifest.lock" &gt; /dev/null
if [[ $? != 0 ]] ; then
    cat &lt;&lt; EOM
error: The sandbox is not in sync with the Podfile.lock. Run 'pod install' or update your CocoaPods installation.
EOM
    exit 1
fi
</string>
			<key>showEnvVarsInLog</key>
			<string>0</string>
		</dict>
		<key>CC82D9E5DE338DBD2EB600EA</key>
		<dict>
			<key>fileRef</key>
			<string>10C3FC8FA340AA2D7ED372CE</string>
			<key>isa</key>
			<string>PBXBuildFile</string>
		</dict>
	</dict>
	<key>rootObject</key>
	<string>1A7CD72E1A8AAC1F00640E2E</string>
</dict>
</plist>
